// !$*UTF8*$!
{
	archiveVersion = 1;
	classes = {
	};
	objectVersion = 56;
	objects = {

/* Begin PBXBuildFile section */
		D8762BDF298E7B7000D5343A /* Topic_09_Palindrome Number.swift in Sources */ = {isa = PBXBuildFile; fileRef = D8762BD2298E7B7000D5343A /* Topic_09_Palindrome Number.swift */; };
		D8762BE0298E7B7000D5343A /* Topic_19_RemoveNthFromEnd.swift in Sources */ = {isa = PBXBuildFile; fileRef = D8762BD3298E7B7000D5343A /* Topic_19_RemoveNthFromEnd.swift */; };
		D8762BE1298E7B7000D5343A /* Topic_03_LongestSubstringWithoutRepeatingCharacters.swift in Sources */ = {isa = PBXBuildFile; fileRef = D8762BD4298E7B7000D5343A /* Topic_03_LongestSubstringWithoutRepeatingCharacters.swift */; };
		D8762BE2298E7B7000D5343A /* Topic_01_TwoSum.swift in Sources */ = {isa = PBXBuildFile; fileRef = D8762BD5298E7B7000D5343A /* Topic_01_TwoSum.swift */; };
		D8762BE3298E7B7000D5343A /* Topic_04_LongestPalindromicSubstring.swift in Sources */ = {isa = PBXBuildFile; fileRef = D8762BD6298E7B7000D5343A /* Topic_04_LongestPalindromicSubstring.swift */; };
		D8762BE4298E7B7000D5343A /* Topic_02_AddTwoNumbers.swift in Sources */ = {isa = PBXBuildFile; fileRef = D8762BD7298E7B7000D5343A /* Topic_02_AddTwoNumbers.swift */; };
		D8762BE5298E7B7000D5343A /* Topic_16_ThreeSumClosest.swift in Sources */ = {isa = PBXBuildFile; fileRef = D8762BD8298E7B7000D5343A /* Topic_16_ThreeSumClosest.swift */; };
		D8762BE6298E7B7000D5343A /* Topic_13_RomanToInteger.swift in Sources */ = {isa = PBXBuildFile; fileRef = D8762BD9298E7B7000D5343A /* Topic_13_RomanToInteger.swift */; };
		D8762BE7298E7B7000D5343A /* Topic_15_ThreeSum.swift in Sources */ = {isa = PBXBuildFile; fileRef = D8762BDA298E7B7000D5343A /* Topic_15_ThreeSum.swift */; };
		D8762BE8298E7B7000D5343A /* Topic_17_LetterCombinations.swift in Sources */ = {isa = PBXBuildFile; fileRef = D8762BDB298E7B7000D5343A /* Topic_17_LetterCombinations.swift */; };
		D8762BE9298E7B7000D5343A /* Topic_18_FourNum.swift in Sources */ = {isa = PBXBuildFile; fileRef = D8762BDC298E7B7000D5343A /* Topic_18_FourNum.swift */; };
		D8762BEA298E7B7000D5343A /* Topic_12_IntegerToRoman.swift in Sources */ = {isa = PBXBuildFile; fileRef = D8762BDD298E7B7000D5343A /* Topic_12_IntegerToRoman.swift */; };
		D8762BEB298E7B7000D5343A /* Topic_07_ Reverse Integer.swift in Sources */ = {isa = PBXBuildFile; fileRef = D8762BDE298E7B7000D5343A /* Topic_07_ Reverse Integer.swift */; };
		D8762BF0298E7B9000D5343A /* CommonOpsForString.swift in Sources */ = {isa = PBXBuildFile; fileRef = D8762BED298E7B9000D5343A /* CommonOpsForString.swift */; };
		D8762BF1298E7B9000D5343A /* CommonOpsForArr.swift in Sources */ = {isa = PBXBuildFile; fileRef = D8762BEE298E7B9000D5343A /* CommonOpsForArr.swift */; };
		D8762BF2298E7B9000D5343A /* CommonOpsForDic.swift in Sources */ = {isa = PBXBuildFile; fileRef = D8762BEF298E7B9000D5343A /* CommonOpsForDic.swift */; };
		D8762BFE298E7D5D00D5343A /* TopicsTest.swift in Sources */ = {isa = PBXBuildFile; fileRef = D8762BFA298E7D5D00D5343A /* TopicsTest.swift */; };
		D8762BFF298E7D5D00D5343A /* CommonOpsTest.swift in Sources */ = {isa = PBXBuildFile; fileRef = D8762BFB298E7D5D00D5343A /* CommonOpsTest.swift */; };
		D8762C00298E7D5D00D5343A /* AlgorithmsTest.swift in Sources */ = {isa = PBXBuildFile; fileRef = D8762BFC298E7D5D00D5343A /* AlgorithmsTest.swift */; };
		D8762C01298E7D5D00D5343A /* main.swift in Sources */ = {isa = PBXBuildFile; fileRef = D8762BFD298E7D5D00D5343A /* main.swift */; };
/* End PBXBuildFile section */

/* Begin PBXCopyFilesBuildPhase section */
		D8762BB5298E7B0500D5343A /* CopyFiles */ = {
			isa = PBXCopyFilesBuildPhase;
			buildActionMask = 2147483647;
			dstPath = /usr/share/man/man1/;
			dstSubfolderSpec = 0;
			files = (
			);
			runOnlyForDeploymentPostprocessing = 1;
		};
/* End PBXCopyFilesBuildPhase section */

/* Begin PBXFileReference section */
		D8762BB7298E7B0500D5343A /* Programming */ = {isa = PBXFileReference; explicitFileType = "compiled.mach-o.executable"; includeInIndex = 0; path = Programming; sourceTree = BUILT_PRODUCTS_DIR; };
		D8762BD2298E7B7000D5343A /* Topic_09_Palindrome Number.swift */ = {isa = PBXFileReference; fileEncoding = 4; lastKnownFileType = sourcecode.swift; path = "Topic_09_Palindrome Number.swift"; sourceTree = "<group>"; };
		D8762BD3298E7B7000D5343A /* Topic_19_RemoveNthFromEnd.swift */ = {isa = PBXFileReference; fileEncoding = 4; lastKnownFileType = sourcecode.swift; path = Topic_19_RemoveNthFromEnd.swift; sourceTree = "<group>"; };
		D8762BD4298E7B7000D5343A /* Topic_03_LongestSubstringWithoutRepeatingCharacters.swift */ = {isa = PBXFileReference; fileEncoding = 4; lastKnownFileType = sourcecode.swift; path = Topic_03_LongestSubstringWithoutRepeatingCharacters.swift; sourceTree = "<group>"; };
		D8762BD5298E7B7000D5343A /* Topic_01_TwoSum.swift */ = {isa = PBXFileReference; fileEncoding = 4; lastKnownFileType = sourcecode.swift; path = Topic_01_TwoSum.swift; sourceTree = "<group>"; };
		D8762BD6298E7B7000D5343A /* Topic_04_LongestPalindromicSubstring.swift */ = {isa = PBXFileReference; fileEncoding = 4; lastKnownFileType = sourcecode.swift; path = Topic_04_LongestPalindromicSubstring.swift; sourceTree = "<group>"; };
		D8762BD7298E7B7000D5343A /* Topic_02_AddTwoNumbers.swift */ = {isa = PBXFileReference; fileEncoding = 4; lastKnownFileType = sourcecode.swift; path = Topic_02_AddTwoNumbers.swift; sourceTree = "<group>"; };
		D8762BD8298E7B7000D5343A /* Topic_16_ThreeSumClosest.swift */ = {isa = PBXFileReference; fileEncoding = 4; lastKnownFileType = sourcecode.swift; path = Topic_16_ThreeSumClosest.swift; sourceTree = "<group>"; };
		D8762BD9298E7B7000D5343A /* Topic_13_RomanToInteger.swift */ = {isa = PBXFileReference; fileEncoding = 4; lastKnownFileType = sourcecode.swift; path = Topic_13_RomanToInteger.swift; sourceTree = "<group>"; };
		D8762BDA298E7B7000D5343A /* Topic_15_ThreeSum.swift */ = {isa = PBXFileReference; fileEncoding = 4; lastKnownFileType = sourcecode.swift; path = Topic_15_ThreeSum.swift; sourceTree = "<group>"; };
		D8762BDB298E7B7000D5343A /* Topic_17_LetterCombinations.swift */ = {isa = PBXFileReference; fileEncoding = 4; lastKnownFileType = sourcecode.swift; path = Topic_17_LetterCombinations.swift; sourceTree = "<group>"; };
		D8762BDC298E7B7000D5343A /* Topic_18_FourNum.swift */ = {isa = PBXFileReference; fileEncoding = 4; lastKnownFileType = sourcecode.swift; path = Topic_18_FourNum.swift; sourceTree = "<group>"; };
		D8762BDD298E7B7000D5343A /* Topic_12_IntegerToRoman.swift */ = {isa = PBXFileReference; fileEncoding = 4; lastKnownFileType = sourcecode.swift; path = Topic_12_IntegerToRoman.swift; sourceTree = "<group>"; };
		D8762BDE298E7B7000D5343A /* Topic_07_ Reverse Integer.swift */ = {isa = PBXFileReference; fileEncoding = 4; lastKnownFileType = sourcecode.swift; path = "Topic_07_ Reverse Integer.swift"; sourceTree = "<group>"; };
		D8762BED298E7B9000D5343A /* CommonOpsForString.swift */ = {isa = PBXFileReference; fileEncoding = 4; lastKnownFileType = sourcecode.swift; path = CommonOpsForString.swift; sourceTree = "<group>"; };
		D8762BEE298E7B9000D5343A /* CommonOpsForArr.swift */ = {isa = PBXFileReference; fileEncoding = 4; lastKnownFileType = sourcecode.swift; path = CommonOpsForArr.swift; sourceTree = "<group>"; };
		D8762BEF298E7B9000D5343A /* CommonOpsForDic.swift */ = {isa = PBXFileReference; fileEncoding = 4; lastKnownFileType = sourcecode.swift; path = CommonOpsForDic.swift; sourceTree = "<group>"; };
		D8762BFA298E7D5D00D5343A /* TopicsTest.swift */ = {isa = PBXFileReference; fileEncoding = 4; lastKnownFileType = sourcecode.swift; path = TopicsTest.swift; sourceTree = "<group>"; };
		D8762BFB298E7D5D00D5343A /* CommonOpsTest.swift */ = {isa = PBXFileReference; fileEncoding = 4; lastKnownFileType = sourcecode.swift; path = CommonOpsTest.swift; sourceTree = "<group>"; };
		D8762BFC298E7D5D00D5343A /* AlgorithmsTest.swift */ = {isa = PBXFileReference; fileEncoding = 4; lastKnownFileType = sourcecode.swift; path = AlgorithmsTest.swift; sourceTree = "<group>"; };
		D8762BFD298E7D5D00D5343A /* main.swift */ = {isa = PBXFileReference; fileEncoding = 4; lastKnownFileType = sourcecode.swift; path = main.swift; sourceTree = "<group>"; };
/* End PBXFileReference section */

/* Begin PBXFrameworksBuildPhase section */
		D8762BB4298E7B0500D5343A /* Frameworks */ = {
			isa = PBXFrameworksBuildPhase;
			buildActionMask = 2147483647;
			files = (
			);
			runOnlyForDeploymentPostprocessing = 0;
		};
/* End PBXFrameworksBuildPhase section */

/* Begin PBXGroup section */
		D8762BAE298E7B0500D5343A = {
			isa = PBXGroup;
			children = (
				D8762BF9298E7D5D00D5343A /* Main */,
				D8762BEC298E7B9000D5343A /* CommonOps */,
				D8762BD1298E7B7000D5343A /* Topics */,
				D8762BB8298E7B0500D5343A /* Products */,
			);
			sourceTree = "<group>";
		};
		D8762BB8298E7B0500D5343A /* Products */ = {
			isa = PBXGroup;
			children = (
				D8762BB7298E7B0500D5343A /* Programming */,
			);
			name = Products;
			sourceTree = "<group>";
		};
		D8762BD1298E7B7000D5343A /* Topics */ = {
			isa = PBXGroup;
			children = (
				D8762BD2298E7B7000D5343A /* Topic_09_Palindrome Number.swift */,
				D8762BD3298E7B7000D5343A /* Topic_19_RemoveNthFromEnd.swift */,
				D8762BD4298E7B7000D5343A /* Topic_03_LongestSubstringWithoutRepeatingCharacters.swift */,
				D8762BD5298E7B7000D5343A /* Topic_01_TwoSum.swift */,
				D8762BD6298E7B7000D5343A /* Topic_04_LongestPalindromicSubstring.swift */,
				D8762BD7298E7B7000D5343A /* Topic_02_AddTwoNumbers.swift */,
				D8762BD8298E7B7000D5343A /* Topic_16_ThreeSumClosest.swift */,
				D8762BD9298E7B7000D5343A /* Topic_13_RomanToInteger.swift */,
				D8762BDA298E7B7000D5343A /* Topic_15_ThreeSum.swift */,
				D8762BDB298E7B7000D5343A /* Topic_17_LetterCombinations.swift */,
				D8762BDC298E7B7000D5343A /* Topic_18_FourNum.swift */,
				D8762BDD298E7B7000D5343A /* Topic_12_IntegerToRoman.swift */,
				D8762BDE298E7B7000D5343A /* Topic_07_ Reverse Integer.swift */,
			);
			path = Topics;
			sourceTree = "<group>";
		};
		D8762BEC298E7B9000D5343A /* CommonOps */ = {
			isa = PBXGroup;
			children = (
				D8762BED298E7B9000D5343A /* CommonOpsForString.swift */,
				D8762BEE298E7B9000D5343A /* CommonOpsForArr.swift */,
				D8762BEF298E7B9000D5343A /* CommonOpsForDic.swift */,
			);
			name = CommonOps;
			path = ../CommonOps;
			sourceTree = "<group>";
		};
		D8762BF9298E7D5D00D5343A /* Main */ = {
			isa = PBXGroup;
			children = (
				D8762BFA298E7D5D00D5343A /* TopicsTest.swift */,
				D8762BFB298E7D5D00D5343A /* CommonOpsTest.swift */,
				D8762BFC298E7D5D00D5343A /* AlgorithmsTest.swift */,
				D8762BFD298E7D5D00D5343A /* main.swift */,
			);
			path = Main;
			sourceTree = "<group>";
		};
/* End PBXGroup section */

/* Begin PBXNativeTarget section */
		D8762BB6298E7B0500D5343A /* Programming */ = {
			isa = PBXNativeTarget;
			buildConfigurationList = D8762BBE298E7B0500D5343A /* Build configuration list for PBXNativeTarget "Programming" */;
			buildPhases = (
				D8762BB3298E7B0500D5343A /* Sources */,
				D8762BB4298E7B0500D5343A /* Frameworks */,
				D8762BB5298E7B0500D5343A /* CopyFiles */,
			);
			buildRules = (
			);
			dependencies = (
			);
			name = Programming;
			productName = Programming;
			productReference = D8762BB7298E7B0500D5343A /* Programming */;
			productType = "com.apple.product-type.tool";
		};
/* End PBXNativeTarget section */

/* Begin PBXProject section */
		D8762BAF298E7B0500D5343A /* Project object */ = {
			isa = PBXProject;
			attributes = {
				BuildIndependentTargetsInParallel = 1;
				LastSwiftUpdateCheck = 1400;
				LastUpgradeCheck = 1400;
				TargetAttributes = {
					D8762BB6298E7B0500D5343A = {
						CreatedOnToolsVersion = 14.0.1;
					};
				};
			};
			buildConfigurationList = D8762BB2298E7B0500D5343A /* Build configuration list for PBXProject "Programming" */;
			compatibilityVersion = "Xcode 14.0";
			developmentRegion = en;
			hasScannedForEncodings = 0;
			knownRegions = (
				en,
				Base,
			);
			mainGroup = D8762BAE298E7B0500D5343A;
			productRefGroup = D8762BB8298E7B0500D5343A /* Products */;
			projectDirPath = "";
			projectRoot = "";
			targets = (
				D8762BB6298E7B0500D5343A /* Programming */,
			);
		};
/* End PBXProject section */

/* Begin PBXSourcesBuildPhase section */
		D8762BB3298E7B0500D5343A /* Sources */ = {
			isa = PBXSourcesBuildPhase;
			buildActionMask = 2147483647;
			files = (
				D8762C00298E7D5D00D5343A /* AlgorithmsTest.swift in Sources */,
				D8762BE0298E7B7000D5343A /* Topic_19_RemoveNthFromEnd.swift in Sources */,
				D8762BE5298E7B7000D5343A /* Topic_16_ThreeSumClosest.swift in Sources */,
				D8762BE8298E7B7000D5343A /* Topic_17_LetterCombinations.swift in Sources */,
				D8762BEB298E7B7000D5343A /* Topic_07_ Reverse Integer.swift in Sources */,
				D8762BE6298E7B7000D5343A /* Topic_13_RomanToInteger.swift in Sources */,
				D8762C01298E7D5D00D5343A /* main.swift in Sources */,
				D8762BFE298E7D5D00D5343A /* TopicsTest.swift in Sources */,
				D8762BF0298E7B9000D5343A /* CommonOpsForString.swift in Sources */,
				D8762BEA298E7B7000D5343A /* Topic_12_IntegerToRoman.swift in Sources */,
				D8762BF2298E7B9000D5343A /* CommonOpsForDic.swift in Sources */,
				D8762BFF298E7D5D00D5343A /* CommonOpsTest.swift in Sources */,
				D8762BF1298E7B9000D5343A /* CommonOpsForArr.swift in Sources */,
				D8762BE9298E7B7000D5343A /* Topic_18_FourNum.swift in Sources */,
				D8762BDF298E7B7000D5343A /* Topic_09_Palindrome Number.swift in Sources */,
				D8762BE3298E7B7000D5343A /* Topic_04_LongestPalindromicSubstring.swift in Sources */,
				D8762BE1298E7B7000D5343A /* Topic_03_LongestSubstringWithoutRepeatingCharacters.swift in Sources */,
				D8762BE2298E7B7000D5343A /* Topic_01_TwoSum.swift in Sources */,
				D8762BE7298E7B7000D5343A /* Topic_15_ThreeSum.swift in Sources */,
				D8762BE4298E7B7000D5343A /* Topic_02_AddTwoNumbers.swift in Sources */,
			);
			runOnlyForDeploymentPostprocessing = 0;
		};
/* End PBXSourcesBuildPhase section */

/* Begin XCBuildConfiguration section */
		D8762BBC298E7B0500D5343A /* Debug */ = {
			isa = XCBuildConfiguration;
			buildSettings = {
				ALWAYS_SEARCH_USER_PATHS = NO;
				CLANG_ANALYZER_NONNULL = YES;
				CLANG_ANALYZER_NUMBER_OBJECT_CONVERSION = YES_AGGRESSIVE;
				CLANG_CXX_LANGUAGE_STANDARD = "gnu++20";
				CLANG_ENABLE_MODULES = YES;
				CLANG_ENABLE_OBJC_ARC = YES;
				CLANG_ENABLE_OBJC_WEAK = YES;
				CLANG_WARN_BLOCK_CAPTURE_AUTORELEASING = YES;
				CLANG_WARN_BOOL_CONVERSION = YES;
				CLANG_WARN_COMMA = YES;
				CLANG_WARN_CONSTANT_CONVERSION = YES;
				CLANG_WARN_DEPRECATED_OBJC_IMPLEMENTATIONS = YES;
				CLANG_WARN_DIRECT_OBJC_ISA_USAGE = YES_ERROR;
				CLANG_WARN_DOCUMENTATION_COMMENTS = YES;
				CLANG_WARN_EMPTY_BODY = YES;
				CLANG_WARN_ENUM_CONVERSION = YES;
				CLANG_WARN_INFINITE_RECURSION = YES;
				CLANG_WARN_INT_CONVERSION = YES;
				CLANG_WARN_NON_LITERAL_NULL_CONVERSION = YES;
				CLANG_WARN_OBJC_IMPLICIT_RETAIN_SELF = YES;
				CLANG_WARN_OBJC_LITERAL_CONVERSION = YES;
				CLANG_WARN_OBJC_ROOT_CLASS = YES_ERROR;
				CLANG_WARN_QUOTED_INCLUDE_IN_FRAMEWORK_HEADER = YES;
				CLANG_WARN_RANGE_LOOP_ANALYSIS = YES;
				CLANG_WARN_STRICT_PROTOTYPES = YES;
				CLANG_WARN_SUSPICIOUS_MOVE = YES;
				CLANG_WARN_UNGUARDED_AVAILABILITY = YES_AGGRESSIVE;
				CLANG_WARN_UNREACHABLE_CODE = YES;
				CLANG_WARN__DUPLICATE_METHOD_MATCH = YES;
				COPY_PHASE_STRIP = NO;
				DEBUG_INFORMATION_FORMAT = dwarf;
				ENABLE_STRICT_OBJC_MSGSEND = YES;
				ENABLE_TESTABILITY = YES;
				GCC_C_LANGUAGE_STANDARD = gnu11;
				GCC_DYNAMIC_NO_PIC = NO;
				GCC_NO_COMMON_BLOCKS = YES;
				GCC_OPTIMIZATION_LEVEL = 0;
				GCC_PREPROCESSOR_DEFINITIONS = (
					"DEBUG=1",
					"$(inherited)",
				);
				GCC_WARN_64_TO_32_BIT_CONVERSION = YES;
				GCC_WARN_ABOUT_RETURN_TYPE = YES_ERROR;
				GCC_WARN_UNDECLARED_SELECTOR = YES;
				GCC_WARN_UNINITIALIZED_AUTOS = YES_AGGRESSIVE;
				GCC_WARN_UNUSED_FUNCTION = YES;
				GCC_WARN_UNUSED_VARIABLE = YES;
				MACOSX_DEPLOYMENT_TARGET = 12.3;
				MTL_ENABLE_DEBUG_INFO = INCLUDE_SOURCE;
				MTL_FAST_MATH = YES;
				ONLY_ACTIVE_ARCH = YES;
				SDKROOT = macosx;
				SWIFT_ACTIVE_COMPILATION_CONDITIONS = DEBUG;
				SWIFT_OPTIMIZATION_LEVEL = "-Onone";
			};
			name = Debug;
		};
		D8762BBD298E7B0500D5343A /* Release */ = {
			isa = XCBuildConfiguration;
			buildSettings = {
				ALWAYS_SEARCH_USER_PATHS = NO;
				CLANG_ANALYZER_NONNULL = YES;
				CLANG_ANALYZER_NUMBER_OBJECT_CONVERSION = YES_AGGRESSIVE;
				CLANG_CXX_LANGUAGE_STANDARD = "gnu++20";
				CLANG_ENABLE_MODULES = YES;
				CLANG_ENABLE_OBJC_ARC = YES;
				CLANG_ENABLE_OBJC_WEAK = YES;
				CLANG_WARN_BLOCK_CAPTURE_AUTORELEASING = YES;
				CLANG_WARN_BOOL_CONVERSION = YES;
				CLANG_WARN_COMMA = YES;
				CLANG_WARN_CONSTANT_CONVERSION = YES;
				CLANG_WARN_DEPRECATED_OBJC_IMPLEMENTATIONS = YES;
				CLANG_WARN_DIRECT_OBJC_ISA_USAGE = YES_ERROR;
				CLANG_WARN_DOCUMENTATION_COMMENTS = YES;
				CLANG_WARN_EMPTY_BODY = YES;
				CLANG_WARN_ENUM_CONVERSION = YES;
				CLANG_WARN_INFINITE_RECURSION = YES;
				CLANG_WARN_INT_CONVERSION = YES;
				CLANG_WARN_NON_LITERAL_NULL_CONVERSION = YES;
				CLANG_WARN_OBJC_IMPLICIT_RETAIN_SELF = YES;
				CLANG_WARN_OBJC_LITERAL_CONVERSION = YES;
				CLANG_WARN_OBJC_ROOT_CLASS = YES_ERROR;
				CLANG_WARN_QUOTED_INCLUDE_IN_FRAMEWORK_HEADER = YES;
				CLANG_WARN_RANGE_LOOP_ANALYSIS = YES;
				CLANG_WARN_STRICT_PROTOTYPES = YES;
				CLANG_WARN_SUSPICIOUS_MOVE = YES;
				CLANG_WARN_UNGUARDED_AVAILABILITY = YES_AGGRESSIVE;
				CLANG_WARN_UNREACHABLE_CODE = YES;
				CLANG_WARN__DUPLICATE_METHOD_MATCH = YES;
				COPY_PHASE_STRIP = NO;
				DEBUG_INFORMATION_FORMAT = "dwarf-with-dsym";
				ENABLE_NS_ASSERTIONS = NO;
				ENABLE_STRICT_OBJC_MSGSEND = YES;
				GCC_C_LANGUAGE_STANDARD = gnu11;
				GCC_NO_COMMON_BLOCKS = YES;
				GCC_WARN_64_TO_32_BIT_CONVERSION = YES;
				GCC_WARN_ABOUT_RETURN_TYPE = YES_ERROR;
				GCC_WARN_UNDECLARED_SELECTOR = YES;
				GCC_WARN_UNINITIALIZED_AUTOS = YES_AGGRESSIVE;
				GCC_WARN_UNUSED_FUNCTION = YES;
				GCC_WARN_UNUSED_VARIABLE = YES;
				MACOSX_DEPLOYMENT_TARGET = 12.3;
				MTL_ENABLE_DEBUG_INFO = NO;
				MTL_FAST_MATH = YES;
				SDKROOT = macosx;
				SWIFT_COMPILATION_MODE = wholemodule;
				SWIFT_OPTIMIZATION_LEVEL = "-O";
			};
			name = Release;
		};
		D8762BBF298E7B0500D5343A /* Debug */ = {
			isa = XCBuildConfiguration;
			buildSettings = {
				CODE_SIGN_STYLE = Automatic;
				DEVELOPMENT_TEAM = VUC9NCVG44;
				ENABLE_HARDENED_RUNTIME = YES;
				PRODUCT_NAME = "$(TARGET_NAME)";
				SWIFT_VERSION = 5.0;
			};
			name = Debug;
		};
		D8762BC0298E7B0500D5343A /* Release */ = {
			isa = XCBuildConfiguration;
			buildSettings = {
				CODE_SIGN_STYLE = Automatic;
				DEVELOPMENT_TEAM = VUC9NCVG44;
				ENABLE_HARDENED_RUNTIME = YES;
				PRODUCT_NAME = "$(TARGET_NAME)";
				SWIFT_VERSION = 5.0;
			};
			name = Release;
		};
/* End XCBuildConfiguration section */

/* Begin XCConfigurationList section */
		D8762BB2298E7B0500D5343A /* Build configuration list for PBXProject "Programming" */ = {
			isa = XCConfigurationList;
			buildConfigurations = (
				D8762BBC298E7B0500D5343A /* Debug */,
				D8762BBD298E7B0500D5343A /* Release */,
			);
			defaultConfigurationIsVisible = 0;
			defaultConfigurationName = Release;
		};
		D8762BBE298E7B0500D5343A /* Build configuration list for PBXNativeTarget "Programming" */ = {
			isa = XCConfigurationList;
			buildConfigurations = (
				D8762BBF298E7B0500D5343A /* Debug */,
				D8762BC0298E7B0500D5343A /* Release */,
			);
			defaultConfigurationIsVisible = 0;
			defaultConfigurationName = Release;
		};
/* End XCConfigurationList section */
	};
	rootObject = D8762BAF298E7B0500D5343A /* Project object */;
}
