// !$*UTF8*$!
{
	archiveVersion = 1;
	classes = {
	};
	objectVersion = 56;
	objects = {

/* Begin PBXBuildFile section */
		D86C195F29A7052C007BCF97 /* SwiftTest.swift in Sources */ = {isa = PBXBuildFile; fileRef = D86C195E29A7052C007BCF97 /* SwiftTest.swift */; };
		D86C196229A7060A007BCF97 /* Example00.swift in Sources */ = {isa = PBXBuildFile; fileRef = D86C196129A7060A007BCF97 /* Example00.swift */; };
		D897AF0D2993A20300198FAF /* StringCommonOps.swift in Sources */ = {isa = PBXBuildFile; fileRef = D897AEF72993A20300198FAF /* StringCommonOps.swift */; };
		D897AF0E2993A20300198FAF /* ArrayCommonOps.swift in Sources */ = {isa = PBXBuildFile; fileRef = D897AEF82993A20300198FAF /* ArrayCommonOps.swift */; };
		D897AF0F2993A20300198FAF /* DictionaryCommonOps.swift in Sources */ = {isa = PBXBuildFile; fileRef = D897AEF92993A20300198FAF /* DictionaryCommonOps.swift */; };
		D897AF102993A20300198FAF /* OpsForReadMe.swift in Sources */ = {isa = PBXBuildFile; fileRef = D897AEFB2993A20300198FAF /* OpsForReadMe.swift */; };
		D897AF112993A20300198FAF /* Topic_09_Palindrome Number.swift in Sources */ = {isa = PBXBuildFile; fileRef = D897AEFD2993A20300198FAF /* Topic_09_Palindrome Number.swift */; };
		D897AF122993A20300198FAF /* Topic_19_RemoveNthFromEnd.swift in Sources */ = {isa = PBXBuildFile; fileRef = D897AEFE2993A20300198FAF /* Topic_19_RemoveNthFromEnd.swift */; };
		D897AF132993A20300198FAF /* Topic_03_LongestSubstringWithoutRepeatingCharacters.swift in Sources */ = {isa = PBXBuildFile; fileRef = D897AEFF2993A20300198FAF /* Topic_03_LongestSubstringWithoutRepeatingCharacters.swift */; };
		D897AF142993A20300198FAF /* Topic_01_TwoSum.swift in Sources */ = {isa = PBXBuildFile; fileRef = D897AF002993A20300198FAF /* Topic_01_TwoSum.swift */; };
		D897AF152993A20300198FAF /* Topic_05_LongestPalindromicSubstring.swift in Sources */ = {isa = PBXBuildFile; fileRef = D897AF012993A20300198FAF /* Topic_05_LongestPalindromicSubstring.swift */; };
		D897AF162993A20300198FAF /* Topic_02_AddTwoNumbers.swift in Sources */ = {isa = PBXBuildFile; fileRef = D897AF022993A20300198FAF /* Topic_02_AddTwoNumbers.swift */; };
		D897AF172993A20300198FAF /* Topic_16_ThreeSumClosest.swift in Sources */ = {isa = PBXBuildFile; fileRef = D897AF032993A20300198FAF /* Topic_16_ThreeSumClosest.swift */; };
		D897AF182993A20300198FAF /* Topic_13_RomanToInteger.swift in Sources */ = {isa = PBXBuildFile; fileRef = D897AF042993A20300198FAF /* Topic_13_RomanToInteger.swift */; };
		D897AF192993A20300198FAF /* Topic_15_ThreeSum.swift in Sources */ = {isa = PBXBuildFile; fileRef = D897AF052993A20300198FAF /* Topic_15_ThreeSum.swift */; };
		D897AF1A2993A20300198FAF /* Topic_17_LetterCombinations.swift in Sources */ = {isa = PBXBuildFile; fileRef = D897AF062993A20300198FAF /* Topic_17_LetterCombinations.swift */; };
		D897AF1B2993A20300198FAF /* Topic_18_FourNum.swift in Sources */ = {isa = PBXBuildFile; fileRef = D897AF072993A20300198FAF /* Topic_18_FourNum.swift */; };
		D897AF1C2993A20300198FAF /* Topic_12_IntegerToRoman.swift in Sources */ = {isa = PBXBuildFile; fileRef = D897AF082993A20300198FAF /* Topic_12_IntegerToRoman.swift */; };
		D897AF1D2993A20300198FAF /* Topic_07_ Reverse Integer.swift in Sources */ = {isa = PBXBuildFile; fileRef = D897AF092993A20300198FAF /* Topic_07_ Reverse Integer.swift */; };
		D897AF222993A3AC00198FAF /* CommonOpsProtocol.swift in Sources */ = {isa = PBXBuildFile; fileRef = D897AF212993A3AC00198FAF /* CommonOpsProtocol.swift */; };
		D897AF2D2993A70600198FAF /* LinkedList.swift in Sources */ = {isa = PBXBuildFile; fileRef = D897AF2B2993A70600198FAF /* LinkedList.swift */; };
		D897AF2E2993A70600198FAF /* BinaryTree.swift in Sources */ = {isa = PBXBuildFile; fileRef = D897AF2C2993A70600198FAF /* BinaryTree.swift */; };
		D897AF362993A7EB00198FAF /* TopicsTest.swift in Sources */ = {isa = PBXBuildFile; fileRef = D897AF312993A7EB00198FAF /* TopicsTest.swift */; };
		D897AF372993A7EB00198FAF /* CommonOpsTest.swift in Sources */ = {isa = PBXBuildFile; fileRef = D897AF322993A7EB00198FAF /* CommonOpsTest.swift */; };
		D897AF382993A7EB00198FAF /* OthersOpsTest.swift in Sources */ = {isa = PBXBuildFile; fileRef = D897AF332993A7EB00198FAF /* OthersOpsTest.swift */; };
		D897AF392993A7EB00198FAF /* AlgorithmsTest.swift in Sources */ = {isa = PBXBuildFile; fileRef = D897AF342993A7EB00198FAF /* AlgorithmsTest.swift */; };
		D897AF3A2993A7EB00198FAF /* main.swift in Sources */ = {isa = PBXBuildFile; fileRef = D897AF352993A7EB00198FAF /* main.swift */; };
		D8A087B829A750C70087A6B1 /* Topic_04_MedianofTwoSortedArrays.swift in Sources */ = {isa = PBXBuildFile; fileRef = D8A087B729A750C70087A6B1 /* Topic_04_MedianofTwoSortedArrays.swift */; };
		D8E62CF729A0B7DA0019DE2B /* Topic_121_BestTimeToBuyAndSellStock.swift in Sources */ = {isa = PBXBuildFile; fileRef = D8E62CF629A0B7DA0019DE2B /* Topic_121_BestTimeToBuyAndSellStock.swift */; };
		D8E62CF929A0BDE90019DE2B /* Topic_66_PlusOne.swift in Sources */ = {isa = PBXBuildFile; fileRef = D8E62CF829A0BDE90019DE2B /* Topic_66_PlusOne.swift */; };
/* End PBXBuildFile section */

/* Begin PBXCopyFilesBuildPhase section */
		D897AEBD2993A02700198FAF /* CopyFiles */ = {
			isa = PBXCopyFilesBuildPhase;
			buildActionMask = 2147483647;
			dstPath = /usr/share/man/man1/;
			dstSubfolderSpec = 0;
			files = (
			);
			runOnlyForDeploymentPostprocessing = 1;
		};
/* End PBXCopyFilesBuildPhase section */

/* Begin PBXFileReference section */
		D86C195E29A7052C007BCF97 /* SwiftTest.swift */ = {isa = PBXFileReference; lastKnownFileType = sourcecode.swift; path = SwiftTest.swift; sourceTree = "<group>"; };
		D86C196129A7060A007BCF97 /* Example00.swift */ = {isa = PBXFileReference; lastKnownFileType = sourcecode.swift; path = Example00.swift; sourceTree = "<group>"; };
		D897AEBF2993A02700198FAF /* Programming */ = {isa = PBXFileReference; explicitFileType = "compiled.mach-o.executable"; includeInIndex = 0; path = Programming; sourceTree = BUILT_PRODUCTS_DIR; };
		D897AEF72993A20300198FAF /* StringCommonOps.swift */ = {isa = PBXFileReference; fileEncoding = 4; lastKnownFileType = sourcecode.swift; path = StringCommonOps.swift; sourceTree = "<group>"; };
		D897AEF82993A20300198FAF /* ArrayCommonOps.swift */ = {isa = PBXFileReference; fileEncoding = 4; lastKnownFileType = sourcecode.swift; path = ArrayCommonOps.swift; sourceTree = "<group>"; };
		D897AEF92993A20300198FAF /* DictionaryCommonOps.swift */ = {isa = PBXFileReference; fileEncoding = 4; lastKnownFileType = sourcecode.swift; path = DictionaryCommonOps.swift; sourceTree = "<group>"; };
		D897AEFB2993A20300198FAF /* OpsForReadMe.swift */ = {isa = PBXFileReference; fileEncoding = 4; lastKnownFileType = sourcecode.swift; path = OpsForReadMe.swift; sourceTree = "<group>"; };
		D897AEFD2993A20300198FAF /* Topic_09_Palindrome Number.swift */ = {isa = PBXFileReference; fileEncoding = 4; lastKnownFileType = sourcecode.swift; path = "Topic_09_Palindrome Number.swift"; sourceTree = "<group>"; };
		D897AEFE2993A20300198FAF /* Topic_19_RemoveNthFromEnd.swift */ = {isa = PBXFileReference; fileEncoding = 4; lastKnownFileType = sourcecode.swift; path = Topic_19_RemoveNthFromEnd.swift; sourceTree = "<group>"; };
		D897AEFF2993A20300198FAF /* Topic_03_LongestSubstringWithoutRepeatingCharacters.swift */ = {isa = PBXFileReference; fileEncoding = 4; lastKnownFileType = sourcecode.swift; path = Topic_03_LongestSubstringWithoutRepeatingCharacters.swift; sourceTree = "<group>"; };
		D897AF002993A20300198FAF /* Topic_01_TwoSum.swift */ = {isa = PBXFileReference; fileEncoding = 4; lastKnownFileType = sourcecode.swift; path = Topic_01_TwoSum.swift; sourceTree = "<group>"; };
		D897AF012993A20300198FAF /* Topic_05_LongestPalindromicSubstring.swift */ = {isa = PBXFileReference; fileEncoding = 4; lastKnownFileType = sourcecode.swift; path = Topic_05_LongestPalindromicSubstring.swift; sourceTree = "<group>"; };
		D897AF022993A20300198FAF /* Topic_02_AddTwoNumbers.swift */ = {isa = PBXFileReference; fileEncoding = 4; lastKnownFileType = sourcecode.swift; path = Topic_02_AddTwoNumbers.swift; sourceTree = "<group>"; };
		D897AF032993A20300198FAF /* Topic_16_ThreeSumClosest.swift */ = {isa = PBXFileReference; fileEncoding = 4; lastKnownFileType = sourcecode.swift; path = Topic_16_ThreeSumClosest.swift; sourceTree = "<group>"; };
		D897AF042993A20300198FAF /* Topic_13_RomanToInteger.swift */ = {isa = PBXFileReference; fileEncoding = 4; lastKnownFileType = sourcecode.swift; path = Topic_13_RomanToInteger.swift; sourceTree = "<group>"; };
		D897AF052993A20300198FAF /* Topic_15_ThreeSum.swift */ = {isa = PBXFileReference; fileEncoding = 4; lastKnownFileType = sourcecode.swift; path = Topic_15_ThreeSum.swift; sourceTree = "<group>"; };
		D897AF062993A20300198FAF /* Topic_17_LetterCombinations.swift */ = {isa = PBXFileReference; fileEncoding = 4; lastKnownFileType = sourcecode.swift; path = Topic_17_LetterCombinations.swift; sourceTree = "<group>"; };
		D897AF072993A20300198FAF /* Topic_18_FourNum.swift */ = {isa = PBXFileReference; fileEncoding = 4; lastKnownFileType = sourcecode.swift; path = Topic_18_FourNum.swift; sourceTree = "<group>"; };
		D897AF082993A20300198FAF /* Topic_12_IntegerToRoman.swift */ = {isa = PBXFileReference; fileEncoding = 4; lastKnownFileType = sourcecode.swift; path = Topic_12_IntegerToRoman.swift; sourceTree = "<group>"; };
		D897AF092993A20300198FAF /* Topic_07_ Reverse Integer.swift */ = {isa = PBXFileReference; fileEncoding = 4; lastKnownFileType = sourcecode.swift; path = "Topic_07_ Reverse Integer.swift"; sourceTree = "<group>"; };
		D897AF212993A3AC00198FAF /* CommonOpsProtocol.swift */ = {isa = PBXFileReference; fileEncoding = 4; lastKnownFileType = sourcecode.swift; path = CommonOpsProtocol.swift; sourceTree = "<group>"; };
		D897AF2B2993A70600198FAF /* LinkedList.swift */ = {isa = PBXFileReference; fileEncoding = 4; lastKnownFileType = sourcecode.swift; path = LinkedList.swift; sourceTree = "<group>"; };
		D897AF2C2993A70600198FAF /* BinaryTree.swift */ = {isa = PBXFileReference; fileEncoding = 4; lastKnownFileType = sourcecode.swift; path = BinaryTree.swift; sourceTree = "<group>"; };
		D897AF312993A7EB00198FAF /* TopicsTest.swift */ = {isa = PBXFileReference; fileEncoding = 4; lastKnownFileType = sourcecode.swift; path = TopicsTest.swift; sourceTree = "<group>"; };
		D897AF322993A7EB00198FAF /* CommonOpsTest.swift */ = {isa = PBXFileReference; fileEncoding = 4; lastKnownFileType = sourcecode.swift; path = CommonOpsTest.swift; sourceTree = "<group>"; };
		D897AF332993A7EB00198FAF /* OthersOpsTest.swift */ = {isa = PBXFileReference; fileEncoding = 4; lastKnownFileType = sourcecode.swift; path = OthersOpsTest.swift; sourceTree = "<group>"; };
		D897AF342993A7EB00198FAF /* AlgorithmsTest.swift */ = {isa = PBXFileReference; fileEncoding = 4; lastKnownFileType = sourcecode.swift; path = AlgorithmsTest.swift; sourceTree = "<group>"; };
		D897AF352993A7EB00198FAF /* main.swift */ = {isa = PBXFileReference; fileEncoding = 4; lastKnownFileType = sourcecode.swift; path = main.swift; sourceTree = "<group>"; };
		D8A087B729A750C70087A6B1 /* Topic_04_MedianofTwoSortedArrays.swift */ = {isa = PBXFileReference; lastKnownFileType = sourcecode.swift; path = Topic_04_MedianofTwoSortedArrays.swift; sourceTree = "<group>"; };
		D8E62CF629A0B7DA0019DE2B /* Topic_121_BestTimeToBuyAndSellStock.swift */ = {isa = PBXFileReference; fileEncoding = 4; lastKnownFileType = sourcecode.swift; path = Topic_121_BestTimeToBuyAndSellStock.swift; sourceTree = "<group>"; };
		D8E62CF829A0BDE90019DE2B /* Topic_66_PlusOne.swift */ = {isa = PBXFileReference; fileEncoding = 4; lastKnownFileType = sourcecode.swift; path = Topic_66_PlusOne.swift; sourceTree = "<group>"; };
/* End PBXFileReference section */

/* Begin PBXFrameworksBuildPhase section */
		D897AEBC2993A02700198FAF /* Frameworks */ = {
			isa = PBXFrameworksBuildPhase;
			buildActionMask = 2147483647;
			files = (
			);
			runOnlyForDeploymentPostprocessing = 0;
		};
/* End PBXFrameworksBuildPhase section */

/* Begin PBXGroup section */
		D86C196029A705D6007BCF97 /* SwiftPOP */ = {
			isa = PBXGroup;
			children = (
				D86C196129A7060A007BCF97 /* Example00.swift */,
			);
			path = SwiftPOP;
			sourceTree = "<group>";
		};
		D897AEB62993A02700198FAF = {
			isa = PBXGroup;
			children = (
				D897AEC12993A02700198FAF /* Programming */,
				D897AEC02993A02700198FAF /* Products */,
			);
			sourceTree = "<group>";
		};
		D897AEC02993A02700198FAF /* Products */ = {
			isa = PBXGroup;
			children = (
				D897AEBF2993A02700198FAF /* Programming */,
			);
			name = Products;
			sourceTree = "<group>";
		};
		D897AEC12993A02700198FAF /* Programming */ = {
			isa = PBXGroup;
			children = (
				D86C196029A705D6007BCF97 /* SwiftPOP */,
				D897AF2F2993A7EB00198FAF /* Main */,
				D897AF2A2993A70600198FAF /* Algorithms */,
				D897AF202993A3AC00198FAF /* Base */,
				D897AEF62993A20300198FAF /* CommonOps */,
				D897AEFA2993A20300198FAF /* Others */,
				D897AEFC2993A20300198FAF /* Topics */,
			);
			path = Programming;
			sourceTree = "<group>";
		};
		D897AEF62993A20300198FAF /* CommonOps */ = {
			isa = PBXGroup;
			children = (
				D897AEF72993A20300198FAF /* StringCommonOps.swift */,
				D897AEF82993A20300198FAF /* ArrayCommonOps.swift */,
				D897AEF92993A20300198FAF /* DictionaryCommonOps.swift */,
			);
			path = CommonOps;
			sourceTree = "<group>";
		};
		D897AEFA2993A20300198FAF /* Others */ = {
			isa = PBXGroup;
			children = (
				D897AEFB2993A20300198FAF /* OpsForReadMe.swift */,
			);
			path = Others;
			sourceTree = "<group>";
		};
		D897AEFC2993A20300198FAF /* Topics */ = {
			isa = PBXGroup;
			children = (
				D8E62CF629A0B7DA0019DE2B /* Topic_121_BestTimeToBuyAndSellStock.swift */,
				D8E62CF829A0BDE90019DE2B /* Topic_66_PlusOne.swift */,
				D897AEFD2993A20300198FAF /* Topic_09_Palindrome Number.swift */,
				D897AEFE2993A20300198FAF /* Topic_19_RemoveNthFromEnd.swift */,
				D897AEFF2993A20300198FAF /* Topic_03_LongestSubstringWithoutRepeatingCharacters.swift */,
				D8A087B729A750C70087A6B1 /* Topic_04_MedianofTwoSortedArrays.swift */,
				D897AF002993A20300198FAF /* Topic_01_TwoSum.swift */,
				D897AF012993A20300198FAF /* Topic_05_LongestPalindromicSubstring.swift */,
				D897AF022993A20300198FAF /* Topic_02_AddTwoNumbers.swift */,
				D897AF032993A20300198FAF /* Topic_16_ThreeSumClosest.swift */,
				D897AF042993A20300198FAF /* Topic_13_RomanToInteger.swift */,
				D897AF052993A20300198FAF /* Topic_15_ThreeSum.swift */,
				D897AF062993A20300198FAF /* Topic_17_LetterCombinations.swift */,
				D897AF072993A20300198FAF /* Topic_18_FourNum.swift */,
				D897AF082993A20300198FAF /* Topic_12_IntegerToRoman.swift */,
				D897AF092993A20300198FAF /* Topic_07_ Reverse Integer.swift */,
			);
			path = Topics;
			sourceTree = "<group>";
		};
		D897AF202993A3AC00198FAF /* Base */ = {
			isa = PBXGroup;
			children = (
				D897AF212993A3AC00198FAF /* CommonOpsProtocol.swift */,
			);
			path = Base;
			sourceTree = "<group>";
		};
		D897AF2A2993A70600198FAF /* Algorithms */ = {
			isa = PBXGroup;
			children = (
				D897AF2B2993A70600198FAF /* LinkedList.swift */,
				D897AF2C2993A70600198FAF /* BinaryTree.swift */,
			);
			path = Algorithms;
			sourceTree = "<group>";
		};
		D897AF2F2993A7EB00198FAF /* Main */ = {
			isa = PBXGroup;
			children = (
				D897AF302993A7EB00198FAF /* Test */,
				D897AF352993A7EB00198FAF /* main.swift */,
			);
			path = Main;
			sourceTree = "<group>";
		};
		D897AF302993A7EB00198FAF /* Test */ = {
			isa = PBXGroup;
			children = (
				D897AF312993A7EB00198FAF /* TopicsTest.swift */,
				D897AF322993A7EB00198FAF /* CommonOpsTest.swift */,
				D897AF332993A7EB00198FAF /* OthersOpsTest.swift */,
				D897AF342993A7EB00198FAF /* AlgorithmsTest.swift */,
				D86C195E29A7052C007BCF97 /* SwiftTest.swift */,
			);
			path = Test;
			sourceTree = "<group>";
		};
/* End PBXGroup section */

/* Begin PBXNativeTarget section */
		D897AEBE2993A02700198FAF /* Programming */ = {
			isa = PBXNativeTarget;
			buildConfigurationList = D897AEC62993A02700198FAF /* Build configuration list for PBXNativeTarget "Programming" */;
			buildPhases = (
				D897AEBB2993A02700198FAF /* Sources */,
				D897AEBC2993A02700198FAF /* Frameworks */,
				D897AEBD2993A02700198FAF /* CopyFiles */,
			);
			buildRules = (
			);
			dependencies = (
			);
			name = Programming;
			productName = Programming;
			productReference = D897AEBF2993A02700198FAF /* Programming */;
			productType = "com.apple.product-type.tool";
		};
/* End PBXNativeTarget section */

/* Begin PBXProject section */
		D897AEB72993A02700198FAF /* Project object */ = {
			isa = PBXProject;
			attributes = {
				BuildIndependentTargetsInParallel = 1;
				LastSwiftUpdateCheck = 1400;
				LastUpgradeCheck = 1400;
				TargetAttributes = {
					D897AEBE2993A02700198FAF = {
						CreatedOnToolsVersion = 14.0.1;
					};
				};
			};
			buildConfigurationList = D897AEBA2993A02700198FAF /* Build configuration list for PBXProject "Programming" */;
			compatibilityVersion = "Xcode 14.0";
			developmentRegion = en;
			hasScannedForEncodings = 0;
			knownRegions = (
				en,
				Base,
			);
			mainGroup = D897AEB62993A02700198FAF;
			productRefGroup = D897AEC02993A02700198FAF /* Products */;
			projectDirPath = "";
			projectRoot = "";
			targets = (
				D897AEBE2993A02700198FAF /* Programming */,
			);
		};
/* End PBXProject section */

/* Begin PBXSourcesBuildPhase section */
		D897AEBB2993A02700198FAF /* Sources */ = {
			isa = PBXSourcesBuildPhase;
			buildActionMask = 2147483647;
			files = (
				D8E62CF729A0B7DA0019DE2B /* Topic_121_BestTimeToBuyAndSellStock.swift in Sources */,
				D897AF0D2993A20300198FAF /* StringCommonOps.swift in Sources */,
				D897AF162993A20300198FAF /* Topic_02_AddTwoNumbers.swift in Sources */,
				D897AF1C2993A20300198FAF /* Topic_12_IntegerToRoman.swift in Sources */,
				D897AF372993A7EB00198FAF /* CommonOpsTest.swift in Sources */,
				D897AF1D2993A20300198FAF /* Topic_07_ Reverse Integer.swift in Sources */,
				D897AF362993A7EB00198FAF /* TopicsTest.swift in Sources */,
				D897AF2D2993A70600198FAF /* LinkedList.swift in Sources */,
				D897AF112993A20300198FAF /* Topic_09_Palindrome Number.swift in Sources */,
				D897AF152993A20300198FAF /* Topic_05_LongestPalindromicSubstring.swift in Sources */,
				D897AF392993A7EB00198FAF /* AlgorithmsTest.swift in Sources */,
				D897AF172993A20300198FAF /* Topic_16_ThreeSumClosest.swift in Sources */,
				D8A087B829A750C70087A6B1 /* Topic_04_MedianofTwoSortedArrays.swift in Sources */,
				D8E62CF929A0BDE90019DE2B /* Topic_66_PlusOne.swift in Sources */,
				D897AF182993A20300198FAF /* Topic_13_RomanToInteger.swift in Sources */,
				D897AF132993A20300198FAF /* Topic_03_LongestSubstringWithoutRepeatingCharacters.swift in Sources */,
				D897AF2E2993A70600198FAF /* BinaryTree.swift in Sources */,
				D897AF1A2993A20300198FAF /* Topic_17_LetterCombinations.swift in Sources */,
				D86C196229A7060A007BCF97 /* Example00.swift in Sources */,
				D897AF122993A20300198FAF /* Topic_19_RemoveNthFromEnd.swift in Sources */,
				D897AF3A2993A7EB00198FAF /* main.swift in Sources */,
				D86C195F29A7052C007BCF97 /* SwiftTest.swift in Sources */,
				D897AF0E2993A20300198FAF /* ArrayCommonOps.swift in Sources */,
				D897AF102993A20300198FAF /* OpsForReadMe.swift in Sources */,
				D897AF382993A7EB00198FAF /* OthersOpsTest.swift in Sources */,
				D897AF0F2993A20300198FAF /* DictionaryCommonOps.swift in Sources */,
				D897AF142993A20300198FAF /* Topic_01_TwoSum.swift in Sources */,
				D897AF1B2993A20300198FAF /* Topic_18_FourNum.swift in Sources */,
				D897AF192993A20300198FAF /* Topic_15_ThreeSum.swift in Sources */,
				D897AF222993A3AC00198FAF /* CommonOpsProtocol.swift in Sources */,
			);
			runOnlyForDeploymentPostprocessing = 0;
		};
/* End PBXSourcesBuildPhase section */

/* Begin XCBuildConfiguration section */
		D897AEC42993A02700198FAF /* Debug */ = {
			isa = XCBuildConfiguration;
			buildSettings = {
				ALWAYS_SEARCH_USER_PATHS = NO;
				CLANG_ANALYZER_NONNULL = YES;
				CLANG_ANALYZER_NUMBER_OBJECT_CONVERSION = YES_AGGRESSIVE;
				CLANG_CXX_LANGUAGE_STANDARD = "gnu++20";
				CLANG_ENABLE_MODULES = YES;
				CLANG_ENABLE_OBJC_ARC = YES;
				CLANG_ENABLE_OBJC_WEAK = YES;
				CLANG_WARN_BLOCK_CAPTURE_AUTORELEASING = YES;
				CLANG_WARN_BOOL_CONVERSION = YES;
				CLANG_WARN_COMMA = YES;
				CLANG_WARN_CONSTANT_CONVERSION = YES;
				CLANG_WARN_DEPRECATED_OBJC_IMPLEMENTATIONS = YES;
				CLANG_WARN_DIRECT_OBJC_ISA_USAGE = YES_ERROR;
				CLANG_WARN_DOCUMENTATION_COMMENTS = YES;
				CLANG_WARN_EMPTY_BODY = YES;
				CLANG_WARN_ENUM_CONVERSION = YES;
				CLANG_WARN_INFINITE_RECURSION = YES;
				CLANG_WARN_INT_CONVERSION = YES;
				CLANG_WARN_NON_LITERAL_NULL_CONVERSION = YES;
				CLANG_WARN_OBJC_IMPLICIT_RETAIN_SELF = YES;
				CLANG_WARN_OBJC_LITERAL_CONVERSION = YES;
				CLANG_WARN_OBJC_ROOT_CLASS = YES_ERROR;
				CLANG_WARN_QUOTED_INCLUDE_IN_FRAMEWORK_HEADER = YES;
				CLANG_WARN_RANGE_LOOP_ANALYSIS = YES;
				CLANG_WARN_STRICT_PROTOTYPES = YES;
				CLANG_WARN_SUSPICIOUS_MOVE = YES;
				CLANG_WARN_UNGUARDED_AVAILABILITY = YES_AGGRESSIVE;
				CLANG_WARN_UNREACHABLE_CODE = YES;
				CLANG_WARN__DUPLICATE_METHOD_MATCH = YES;
				COPY_PHASE_STRIP = NO;
				DEBUG_INFORMATION_FORMAT = dwarf;
				ENABLE_STRICT_OBJC_MSGSEND = YES;
				ENABLE_TESTABILITY = YES;
				GCC_C_LANGUAGE_STANDARD = gnu11;
				GCC_DYNAMIC_NO_PIC = NO;
				GCC_NO_COMMON_BLOCKS = YES;
				GCC_OPTIMIZATION_LEVEL = 0;
				GCC_PREPROCESSOR_DEFINITIONS = (
					"DEBUG=1",
					"$(inherited)",
				);
				GCC_WARN_64_TO_32_BIT_CONVERSION = YES;
				GCC_WARN_ABOUT_RETURN_TYPE = YES_ERROR;
				GCC_WARN_UNDECLARED_SELECTOR = YES;
				GCC_WARN_UNINITIALIZED_AUTOS = YES_AGGRESSIVE;
				GCC_WARN_UNUSED_FUNCTION = YES;
				GCC_WARN_UNUSED_VARIABLE = YES;
				MACOSX_DEPLOYMENT_TARGET = 12.3;
				MTL_ENABLE_DEBUG_INFO = INCLUDE_SOURCE;
				MTL_FAST_MATH = YES;
				ONLY_ACTIVE_ARCH = YES;
				SDKROOT = macosx;
				SWIFT_ACTIVE_COMPILATION_CONDITIONS = DEBUG;
				SWIFT_OPTIMIZATION_LEVEL = "-Onone";
			};
			name = Debug;
		};
		D897AEC52993A02700198FAF /* Release */ = {
			isa = XCBuildConfiguration;
			buildSettings = {
				ALWAYS_SEARCH_USER_PATHS = NO;
				CLANG_ANALYZER_NONNULL = YES;
				CLANG_ANALYZER_NUMBER_OBJECT_CONVERSION = YES_AGGRESSIVE;
				CLANG_CXX_LANGUAGE_STANDARD = "gnu++20";
				CLANG_ENABLE_MODULES = YES;
				CLANG_ENABLE_OBJC_ARC = YES;
				CLANG_ENABLE_OBJC_WEAK = YES;
				CLANG_WARN_BLOCK_CAPTURE_AUTORELEASING = YES;
				CLANG_WARN_BOOL_CONVERSION = YES;
				CLANG_WARN_COMMA = YES;
				CLANG_WARN_CONSTANT_CONVERSION = YES;
				CLANG_WARN_DEPRECATED_OBJC_IMPLEMENTATIONS = YES;
				CLANG_WARN_DIRECT_OBJC_ISA_USAGE = YES_ERROR;
				CLANG_WARN_DOCUMENTATION_COMMENTS = YES;
				CLANG_WARN_EMPTY_BODY = YES;
				CLANG_WARN_ENUM_CONVERSION = YES;
				CLANG_WARN_INFINITE_RECURSION = YES;
				CLANG_WARN_INT_CONVERSION = YES;
				CLANG_WARN_NON_LITERAL_NULL_CONVERSION = YES;
				CLANG_WARN_OBJC_IMPLICIT_RETAIN_SELF = YES;
				CLANG_WARN_OBJC_LITERAL_CONVERSION = YES;
				CLANG_WARN_OBJC_ROOT_CLASS = YES_ERROR;
				CLANG_WARN_QUOTED_INCLUDE_IN_FRAMEWORK_HEADER = YES;
				CLANG_WARN_RANGE_LOOP_ANALYSIS = YES;
				CLANG_WARN_STRICT_PROTOTYPES = YES;
				CLANG_WARN_SUSPICIOUS_MOVE = YES;
				CLANG_WARN_UNGUARDED_AVAILABILITY = YES_AGGRESSIVE;
				CLANG_WARN_UNREACHABLE_CODE = YES;
				CLANG_WARN__DUPLICATE_METHOD_MATCH = YES;
				COPY_PHASE_STRIP = NO;
				DEBUG_INFORMATION_FORMAT = "dwarf-with-dsym";
				ENABLE_NS_ASSERTIONS = NO;
				ENABLE_STRICT_OBJC_MSGSEND = YES;
				GCC_C_LANGUAGE_STANDARD = gnu11;
				GCC_NO_COMMON_BLOCKS = YES;
				GCC_WARN_64_TO_32_BIT_CONVERSION = YES;
				GCC_WARN_ABOUT_RETURN_TYPE = YES_ERROR;
				GCC_WARN_UNDECLARED_SELECTOR = YES;
				GCC_WARN_UNINITIALIZED_AUTOS = YES_AGGRESSIVE;
				GCC_WARN_UNUSED_FUNCTION = YES;
				GCC_WARN_UNUSED_VARIABLE = YES;
				MACOSX_DEPLOYMENT_TARGET = 12.3;
				MTL_ENABLE_DEBUG_INFO = NO;
				MTL_FAST_MATH = YES;
				SDKROOT = macosx;
				SWIFT_COMPILATION_MODE = wholemodule;
				SWIFT_OPTIMIZATION_LEVEL = "-O";
			};
			name = Release;
		};
		D897AEC72993A02700198FAF /* Debug */ = {
			isa = XCBuildConfiguration;
			buildSettings = {
				CODE_SIGN_STYLE = Automatic;
				DEVELOPMENT_TEAM = VUC9NCVG44;
				ENABLE_HARDENED_RUNTIME = YES;
				PRODUCT_NAME = "$(TARGET_NAME)";
				SWIFT_VERSION = 5.0;
			};
			name = Debug;
		};
		D897AEC82993A02700198FAF /* Release */ = {
			isa = XCBuildConfiguration;
			buildSettings = {
				CODE_SIGN_STYLE = Automatic;
				DEVELOPMENT_TEAM = VUC9NCVG44;
				ENABLE_HARDENED_RUNTIME = YES;
				PRODUCT_NAME = "$(TARGET_NAME)";
				SWIFT_VERSION = 5.0;
			};
			name = Release;
		};
/* End XCBuildConfiguration section */

/* Begin XCConfigurationList section */
		D897AEBA2993A02700198FAF /* Build configuration list for PBXProject "Programming" */ = {
			isa = XCConfigurationList;
			buildConfigurations = (
				D897AEC42993A02700198FAF /* Debug */,
				D897AEC52993A02700198FAF /* Release */,
			);
			defaultConfigurationIsVisible = 0;
			defaultConfigurationName = Release;
		};
		D897AEC62993A02700198FAF /* Build configuration list for PBXNativeTarget "Programming" */ = {
			isa = XCConfigurationList;
			buildConfigurations = (
				D897AEC72993A02700198FAF /* Debug */,
				D897AEC82993A02700198FAF /* Release */,
			);
			defaultConfigurationIsVisible = 0;
			defaultConfigurationName = Release;
		};
/* End XCConfigurationList section */
	};
	rootObject = D897AEB72993A02700198FAF /* Project object */;
}
